
Microsoft Visual Studio Solution File, Format Version 12.00
# Visual Studio Version 16
VisualStudioVersion = 16.0.29209.62
MinimumVisualStudioVersion = 10.0.40219.1
Project("{9A19103F-16F7-4668-BE54-9A1E7A4F7556}") = "dotnet-core-websocet", "dotnet-core-websocet.csproj", "{F200FD26-4A39-4C88-B1D7-F0B915060D52}"
EndProject
Global
	GlobalSection(SolutionConfigurationPlatforms) = preSolution
		Debug|Any CPU = Debug|Any CPU
		Release|Any CPU = Release|Any CPU
	EndGlobalSection
	GlobalSection(ProjectConfigurationPlatforms) = postSolution
		{F200FD26-4A39-4C88-B1D7-F0B915060D52}.Debug|Any CPU.ActiveCfg = Debug|Any CPU
		{F200FD26-4A39-4C88-B1D7-F0B915060D52}.Debug|Any CPU.Build.0 = Debug|Any CPU
		{F200FD26-4A39-4C88-B1D7-F0B915060D52}.Release|Any CPU.ActiveCfg = Release|Any CPU
		{F200FD26-4A39-4C88-B1D7-F0B915060D52}.Release|Any CPU.Build.0 = Release|Any CPU
	EndGlobalSection
	GlobalSection(SolutionProperties) = preSolution
		HideSolutionNode = FALSE
	EndGlobalSection
	GlobalSection(ExtensibilityGlobals) = postSolution
		SolutionGuid = {07E5F0AF-E686-4CE2-A1A4-4A186C7BAFD7}
	EndGlobalSection
EndGlobal
